{
  "name": "collection-extension",
  "version": "1.0.0",
  "lockfileVersion": 3,
  "requires": true,
  "packages": {
    "": {
      "name": "collection-extension",
      "version": "1.0.0",
      "devDependencies": {
        "fake-indexeddb": "^6.0.0"
      }
    },
    "node_modules/fake-indexeddb": {
      "version": "6.2.5",
      "resolved": "https://ms-feed-25.pkgs.visualstudio.com/1es-public/_packaging/npm-public/npm/registry/fake-indexeddb/-/fake-indexeddb-6.2.5.tgz",
      "integrity": "sha1-dChbaCFGfWwQKvCS8KRRetVSFhM=",
      "dev": true,
      "license": "Apache-2.0",
      "engines": {
        "node": ">=18"
      }
    }
  }
}
